# @generated by Move, please check-in and do not edit manually.

[move]
version = 3
manifest_digest = "4BC33DD3C2A0044786FBA6D271FF4E3D02004F95204E2906A9A38B89E48B673C"
deps_digest = "3C4103934B1E040BB6B23F1D610B4EF9F2F1166A50A104EADCF77467C004C600"
dependencies = [
  { id = "MoveStdlib", name = "MoveStdlib" },
  { id = "Sui", name = "Sui" },
]

[[move.package]]
id = "MoveStdlib"
source = { git = "https://github.com/MystenLabs/sui.git", rev = "mainnet-v1.48.4", subdir = "crates/sui-framework/packages/move-stdlib" }

[[move.package]]
id = "Sui"
source = { git = "https://github.com/MystenLabs/sui.git", rev = "mainnet-v1.48.4", subdir = "crates/sui-framework/packages/sui-framework" }

dependencies = [
  { id = "MoveStdlib", name = "MoveStdlib" },
]

[move.toolchain-version]
compiler-version = "1.48.4"
edition = "2024"
flavor = "sui"

[env]

[env.mainnet]
chain-id = "35834a8a"
original-published-id = "0xd5aed6d0feacff58ce38e1158412ae6a715aeaa18a646fa51f125e4a5f7e24d8"
latest-published-id = "0xd5aed6d0feacff58ce38e1158412ae6a715aeaa18a646fa51f125e4a5f7e24d8"
published-version = "1"
